
Microsoft Visual Studio Solution File, Format Version 12.00
# Visual Studio Version 16
VisualStudioVersion = 16.0.29806.167
MinimumVisualStudioVersion = 10.0.40219.1
Project("{FAE04EC0-301F-11D3-BF4B-00C04F79EFBC}") = "ToPivotTable", "ToPivotTable\ToPivotTable.csproj", "{BE0B1522-3331-4D0F-9334-D8EC2348AA5E}"
EndProject
Project("{FAE04EC0-301F-11D3-BF4B-00C04F79EFBC}") = "ToPivotTable.MVC5", "ToPivotTable.MVC5\ToPivotTable.MVC5.csproj", "{A9B6C09C-FA74-4A3A-88E2-5BBDE79EA616}"
EndProject
Project("{2150E333-8FDC-42A3-9474-1A3956D46DE8}") = "Samples", "Samples", "{9A08AAB7-AEA0-4417-B4FE-061F99334231}"
EndProject
Project("{FAE04EC0-301F-11D3-BF4B-00C04F79EFBC}") = "ASP.Net-Sample", "Samples\ASP.Net-Sample\ASP.Net-Sample.csproj", "{D31F77D1-8DC5-4290-A7AE-50265E074DDE}"
EndProject
Project("{FAE04EC0-301F-11D3-BF4B-00C04F79EFBC}") = "ToPivotTable.Core", "ToPivotTable.Core\ToPivotTable.Core.csproj", "{1B2B752F-D1A7-484A-B6C4-8E3B9B8EE036}"
EndProject
Global
	GlobalSection(SolutionConfigurationPlatforms) = preSolution
		Debug|Any CPU = Debug|Any CPU
		Release|Any CPU = Release|Any CPU
	EndGlobalSection
	GlobalSection(ProjectConfigurationPlatforms) = postSolution
		{BE0B1522-3331-4D0F-9334-D8EC2348AA5E}.Debug|Any CPU.ActiveCfg = Debug|Any CPU
		{BE0B1522-3331-4D0F-9334-D8EC2348AA5E}.Debug|Any CPU.Build.0 = Debug|Any CPU
		{BE0B1522-3331-4D0F-9334-D8EC2348AA5E}.Release|Any CPU.ActiveCfg = Release|Any CPU
		{BE0B1522-3331-4D0F-9334-D8EC2348AA5E}.Release|Any CPU.Build.0 = Release|Any CPU
		{A9B6C09C-FA74-4A3A-88E2-5BBDE79EA616}.Debug|Any CPU.ActiveCfg = Debug|Any CPU
		{A9B6C09C-FA74-4A3A-88E2-5BBDE79EA616}.Debug|Any CPU.Build.0 = Debug|Any CPU
		{A9B6C09C-FA74-4A3A-88E2-5BBDE79EA616}.Release|Any CPU.ActiveCfg = Release|Any CPU
		{A9B6C09C-FA74-4A3A-88E2-5BBDE79EA616}.Release|Any CPU.Build.0 = Release|Any CPU
		{D31F77D1-8DC5-4290-A7AE-50265E074DDE}.Debug|Any CPU.ActiveCfg = Debug|Any CPU
		{D31F77D1-8DC5-4290-A7AE-50265E074DDE}.Debug|Any CPU.Build.0 = Debug|Any CPU
		{D31F77D1-8DC5-4290-A7AE-50265E074DDE}.Release|Any CPU.ActiveCfg = Release|Any CPU
		{D31F77D1-8DC5-4290-A7AE-50265E074DDE}.Release|Any CPU.Build.0 = Release|Any CPU
		{1B2B752F-D1A7-484A-B6C4-8E3B9B8EE036}.Debug|Any CPU.ActiveCfg = Debug|Any CPU
		{1B2B752F-D1A7-484A-B6C4-8E3B9B8EE036}.Debug|Any CPU.Build.0 = Debug|Any CPU
		{1B2B752F-D1A7-484A-B6C4-8E3B9B8EE036}.Release|Any CPU.ActiveCfg = Release|Any CPU
		{1B2B752F-D1A7-484A-B6C4-8E3B9B8EE036}.Release|Any CPU.Build.0 = Release|Any CPU
	EndGlobalSection
	GlobalSection(SolutionProperties) = preSolution
		HideSolutionNode = FALSE
	EndGlobalSection
	GlobalSection(NestedProjects) = preSolution
		{D31F77D1-8DC5-4290-A7AE-50265E074DDE} = {9A08AAB7-AEA0-4417-B4FE-061F99334231}
	EndGlobalSection
	GlobalSection(ExtensibilityGlobals) = postSolution
		SolutionGuid = {15C97B62-22B9-4FD9-A93E-03FB6B946CBE}
	EndGlobalSection
EndGlobal
